
Microsoft Visual Studio Solution File, Format Version 12.00
# Visual Studio 15
VisualStudioVersion = 15.0.28010.2026
MinimumVisualStudioVersion = 10.0.40219.1
Project("{FAE04EC0-301F-11D3-BF4B-00C04F79EFBC}") = "Matrizes", "Matrizes\Matrizes.csproj", "{70476A58-8FB3-4E6A-AB34-5281F1C6CA29}"
EndProject
Global
	GlobalSection(SolutionConfigurationPlatforms) = preSolution
		Debug|Any CPU = Debug|Any CPU
		Release|Any CPU = Release|Any CPU
	EndGlobalSection
	GlobalSection(ProjectConfigurationPlatforms) = postSolution
		{70476A58-8FB3-4E6A-AB34-5281F1C6CA29}.Debug|Any CPU.ActiveCfg = Debug|Any CPU
		{70476A58-8FB3-4E6A-AB34-5281F1C6CA29}.Debug|Any CPU.Build.0 = Debug|Any CPU
		{70476A58-8FB3-4E6A-AB34-5281F1C6CA29}.Release|Any CPU.ActiveCfg = Release|Any CPU
		{70476A58-8FB3-4E6A-AB34-5281F1C6CA29}.Release|Any CPU.Build.0 = Release|Any CPU
	EndGlobalSection
	GlobalSection(SolutionProperties) = preSolution
		HideSolutionNode = FALSE
	EndGlobalSection
	GlobalSection(ExtensibilityGlobals) = postSolution
		SolutionGuid = {072F29DD-3498-418A-A25D-0766B8A19458}
	EndGlobalSection
EndGlobal
